
Microsoft Visual Studio Solution File, Format Version 12.00
# Visual Studio Version 16
VisualStudioVersion = 16.0.31025.194
MinimumVisualStudioVersion = 10.0.40219.1
Project("{FAE04EC0-301F-11D3-BF4B-00C04F79EFBC}") = "CodeWarsTask", "CodeWarsTask\CodeWarsTask.csproj", "{771CC9C6-1041-4AFD-8294-A93BAC60919F}"
EndProject
Global
	GlobalSection(SolutionConfigurationPlatforms) = preSolution
		Debug|Any CPU = Debug|Any CPU
		Release|Any CPU = Release|Any CPU
	EndGlobalSection
	GlobalSection(ProjectConfigurationPlatforms) = postSolution
		{771CC9C6-1041-4AFD-8294-A93BAC60919F}.Debug|Any CPU.ActiveCfg = Debug|Any CPU
		{771CC9C6-1041-4AFD-8294-A93BAC60919F}.Debug|Any CPU.Build.0 = Debug|Any CPU
		{771CC9C6-1041-4AFD-8294-A93BAC60919F}.Release|Any CPU.ActiveCfg = Release|Any CPU
		{771CC9C6-1041-4AFD-8294-A93BAC60919F}.Release|Any CPU.Build.0 = Release|Any CPU
	EndGlobalSection
	GlobalSection(SolutionProperties) = preSolution
		HideSolutionNode = FALSE
	EndGlobalSection
	GlobalSection(ExtensibilityGlobals) = postSolution
		SolutionGuid = {D37A7B3E-24D9-43FB-986B-B7682557BB6E}
	EndGlobalSection
EndGlobal
